lockfileVersion: '9.0'

settings:
  autoInstallPeers: true
  excludeLinksFromLockfile: false

importers:

  .:
    dependencies:
      '@tensorflow-models/posenet':
        specifier: ^2.2.2
        version: 2.2.2(@tensorflow/tfjs-converter@3.21.0(@tensorflow/tfjs-core@3.21.0))(@tensorflow/tfjs-core@3.21.0)
      '@tensorflow/tfjs':
        specifier: ^3.18.0
        version: 3.21.0(seedrandom@3.0.5)
      '@tensorflow/tfjs-backend-webgl':
        specifier: 3.18.0
        version: 3.18.0(@tensorflow/tfjs-core@3.21.0)
      tracking:
        specifier: ^1.1.3
        version: 1.1.3
    devDependencies:
      '@types/dom-speech-recognition':
        specifier: ^0.0.4
        version: 0.0.4
      typescript:
        specifier: ~5.6.2
        version: 5.6.3
      vite:
        specifier: ^6.0.12
        version: 6.0.12(@types/node@22.10.2)

packages:

  '@esbuild/aix-ppc64@0.24.2':
    resolution: {integrity: sha512-thpVCb/rhxE/BnMLQ7GReQLLN8q9qbHmI55F4489/ByVg2aQaQ6kbcLb6FHkocZzQhxc4gx0sCk0tJkKBFzDhA==}
    engines: {node: '>=18'}
    cpu: [ppc64]
    os: [aix]

  '@esbuild/android-arm64@0.24.2':
    resolution: {integrity: sha512-cNLgeqCqV8WxfcTIOeL4OAtSmL8JjcN6m09XIgro1Wi7cF4t/THaWEa7eL5CMoMBdjoHOTh/vwTO/o2TRXIyzg==}
    engines: {node: '>=18'}
    cpu: [arm64]
    os: [android]

  '@esbuild/android-arm@0.24.2':
    resolution: {integrity: sha512-tmwl4hJkCfNHwFB3nBa8z1Uy3ypZpxqxfTQOcHX+xRByyYgunVbZ9MzUUfb0RxaHIMnbHagwAxuTL+tnNM+1/Q==}
    engines: {node: '>=18'}
    cpu: [arm]
    os: [android]

  '@esbuild/android-x64@0.24.2':
    resolution: {integrity: sha512-B6Q0YQDqMx9D7rvIcsXfmJfvUYLoP722bgfBlO5cGvNVb5V/+Y7nhBE3mHV9OpxBf4eAS2S68KZztiPaWq4XYw==}
    engines: {node: '>=18'}
    cpu: [x64]
    os: [android]

  '@esbuild/darwin-arm64@0.24.2':
    resolution: {integrity: sha512-kj3AnYWc+CekmZnS5IPu9D+HWtUI49hbnyqk0FLEJDbzCIQt7hg7ucF1SQAilhtYpIujfaHr6O0UHlzzSPdOeA==}
    engines: {node: '>=18'}
    cpu: [arm64]
    os: [darwin]

  '@esbuild/darwin-x64@0.24.2':
    resolution: {integrity: sha512-WeSrmwwHaPkNR5H3yYfowhZcbriGqooyu3zI/3GGpF8AyUdsrrP0X6KumITGA9WOyiJavnGZUwPGvxvwfWPHIA==}
    engines: {node: '>=18'}
    cpu: [x64]
    os: [darwin]

  '@esbuild/freebsd-arm64@0.24.2':
    resolution: {integrity: sha512-UN8HXjtJ0k/Mj6a9+5u6+2eZ2ERD7Edt1Q9IZiB5UZAIdPnVKDoG7mdTVGhHJIeEml60JteamR3qhsr1r8gXvg==}
    engines: {node: '>=18'}
    cpu: [arm64]
    os: [freebsd]

  '@esbuild/freebsd-x64@0.24.2':
    resolution: {integrity: sha512-TvW7wE/89PYW+IevEJXZ5sF6gJRDY/14hyIGFXdIucxCsbRmLUcjseQu1SyTko+2idmCw94TgyaEZi9HUSOe3Q==}
    engines: {node: '>=18'}
    cpu: [x64]
    os: [freebsd]

  '@esbuild/linux-arm64@0.24.2':
    resolution: {integrity: sha512-7HnAD6074BW43YvvUmE/35Id9/NB7BeX5EoNkK9obndmZBUk8xmJJeU7DwmUeN7tkysslb2eSl6CTrYz6oEMQg==}
    engines: {node: '>=18'}
    cpu: [arm64]
    os: [linux]

  '@esbuild/linux-arm@0.24.2':
    resolution: {integrity: sha512-n0WRM/gWIdU29J57hJyUdIsk0WarGd6To0s+Y+LwvlC55wt+GT/OgkwoXCXvIue1i1sSNWblHEig00GBWiJgfA==}
    engines: {node: '>=18'}
    cpu: [arm]
    os: [linux]

  '@esbuild/linux-ia32@0.24.2':
    resolution: {integrity: sha512-sfv0tGPQhcZOgTKO3oBE9xpHuUqguHvSo4jl+wjnKwFpapx+vUDcawbwPNuBIAYdRAvIDBfZVvXprIj3HA+Ugw==}
    engines: {node: '>=18'}
    cpu: [ia32]
    os: [linux]

  '@esbuild/linux-loong64@0.24.2':
    resolution: {integrity: sha512-CN9AZr8kEndGooS35ntToZLTQLHEjtVB5n7dl8ZcTZMonJ7CCfStrYhrzF97eAecqVbVJ7APOEe18RPI4KLhwQ==}
    engines: {node: '>=18'}
    cpu: [loong64]
    os: [linux]

  '@esbuild/linux-mips64el@0.24.2':
    resolution: {integrity: sha512-iMkk7qr/wl3exJATwkISxI7kTcmHKE+BlymIAbHO8xanq/TjHaaVThFF6ipWzPHryoFsesNQJPE/3wFJw4+huw==}
    engines: {node: '>=18'}
    cpu: [mips64el]
    os: [linux]

  '@esbuild/linux-ppc64@0.24.2':
    resolution: {integrity: sha512-shsVrgCZ57Vr2L8mm39kO5PPIb+843FStGt7sGGoqiiWYconSxwTiuswC1VJZLCjNiMLAMh34jg4VSEQb+iEbw==}
    engines: {node: '>=18'}
    cpu: [ppc64]
    os: [linux]

  '@esbuild/linux-riscv64@0.24.2':
    resolution: {integrity: sha512-4eSFWnU9Hhd68fW16GD0TINewo1L6dRrB+oLNNbYyMUAeOD2yCK5KXGK1GH4qD/kT+bTEXjsyTCiJGHPZ3eM9Q==}
    engines: {node: '>=18'}
    cpu: [riscv64]
    os: [linux]

  '@esbuild/linux-s390x@0.24.2':
    resolution: {integrity: sha512-S0Bh0A53b0YHL2XEXC20bHLuGMOhFDO6GN4b3YjRLK//Ep3ql3erpNcPlEFed93hsQAjAQDNsvcK+hV90FubSw==}
    engines: {node: '>=18'}
    cpu: [s390x]
    os: [linux]

  '@esbuild/linux-x64@0.24.2':
    resolution: {integrity: sha512-8Qi4nQcCTbLnK9WoMjdC9NiTG6/E38RNICU6sUNqK0QFxCYgoARqVqxdFmWkdonVsvGqWhmm7MO0jyTqLqwj0Q==}
    engines: {node: '>=18'}
    cpu: [x64]
    os: [linux]

  '@esbuild/netbsd-arm64@0.24.2':
    resolution: {integrity: sha512-wuLK/VztRRpMt9zyHSazyCVdCXlpHkKm34WUyinD2lzK07FAHTq0KQvZZlXikNWkDGoT6x3TD51jKQ7gMVpopw==}
    engines: {node: '>=18'}
    cpu: [arm64]
    os: [netbsd]

  '@esbuild/netbsd-x64@0.24.2':
    resolution: {integrity: sha512-VefFaQUc4FMmJuAxmIHgUmfNiLXY438XrL4GDNV1Y1H/RW3qow68xTwjZKfj/+Plp9NANmzbH5R40Meudu8mmw==}
    engines: {node: '>=18'}
    cpu: [x64]
    os: [netbsd]

  '@esbuild/openbsd-arm64@0.24.2':
    resolution: {integrity: sha512-YQbi46SBct6iKnszhSvdluqDmxCJA+Pu280Av9WICNwQmMxV7nLRHZfjQzwbPs3jeWnuAhE9Jy0NrnJ12Oz+0A==}
    engines: {node: '>=18'}
    cpu: [arm64]
    os: [openbsd]

  '@esbuild/openbsd-x64@0.24.2':
    resolution: {integrity: sha512-+iDS6zpNM6EnJyWv0bMGLWSWeXGN/HTaF/LXHXHwejGsVi+ooqDfMCCTerNFxEkM3wYVcExkeGXNqshc9iMaOA==}
    engines: {node: '>=18'}
    cpu: [x64]
    os: [openbsd]

  '@esbuild/sunos-x64@0.24.2':
    resolution: {integrity: sha512-hTdsW27jcktEvpwNHJU4ZwWFGkz2zRJUz8pvddmXPtXDzVKTTINmlmga3ZzwcuMpUvLw7JkLy9QLKyGpD2Yxig==}
    engines: {node: '>=18'}
    cpu: [x64]
    os: [sunos]

  '@esbuild/win32-arm64@0.24.2':
    resolution: {integrity: sha512-LihEQ2BBKVFLOC9ZItT9iFprsE9tqjDjnbulhHoFxYQtQfai7qfluVODIYxt1PgdoyQkz23+01rzwNwYfutxUQ==}
    engines: {node: '>=18'}
    cpu: [arm64]
    os: [win32]

  '@esbuild/win32-ia32@0.24.2':
    resolution: {integrity: sha512-q+iGUwfs8tncmFC9pcnD5IvRHAzmbwQ3GPS5/ceCyHdjXubwQWI12MKWSNSMYLJMq23/IUCvJMS76PDqXe1fxA==}
    engines: {node: '>=18'}
    cpu: [ia32]
    os: [win32]

  '@esbuild/win32-x64@0.24.2':
    resolution: {integrity: sha512-7VTgWzgMGvup6aSqDPLiW5zHaxYJGTO4OokMjIlrCtf+VpEL+cXKtCvg723iguPYI5oaUNdS+/V7OU2gvXVWEg==}
    engines: {node: '>=18'}
    cpu: [x64]
    os: [win32]

  '@rollup/rollup-android-arm-eabi@4.37.0':
    resolution: {integrity: sha512-l7StVw6WAa8l3vA1ov80jyetOAEo1FtHvZDbzXDO/02Sq/QVvqlHkYoFwDJPIMj0GKiistsBudfx5tGFnwYWDQ==}
    cpu: [arm]
    os: [android]

  '@rollup/rollup-android-arm64@4.37.0':
    resolution: {integrity: sha512-6U3SlVyMxezt8Y+/iEBcbp945uZjJwjZimu76xoG7tO1av9VO691z8PkhzQ85ith2I8R2RddEPeSfcbyPfD4hA==}
    cpu: [arm64]
    os: [android]

  '@rollup/rollup-darwin-arm64@4.37.0':
    resolution: {integrity: sha512-+iTQ5YHuGmPt10NTzEyMPbayiNTcOZDWsbxZYR1ZnmLnZxG17ivrPSWFO9j6GalY0+gV3Jtwrrs12DBscxnlYA==}
    cpu: [arm64]
    os: [darwin]

  '@rollup/rollup-darwin-x64@4.37.0':
    resolution: {integrity: sha512-m8W2UbxLDcmRKVjgl5J/k4B8d7qX2EcJve3Sut7YGrQoPtCIQGPH5AMzuFvYRWZi0FVS0zEY4c8uttPfX6bwYQ==}
    cpu: [x64]
    os: [darwin]

  '@rollup/rollup-freebsd-arm64@4.37.0':
    resolution: {integrity: sha512-FOMXGmH15OmtQWEt174v9P1JqqhlgYge/bUjIbiVD1nI1NeJ30HYT9SJlZMqdo1uQFyt9cz748F1BHghWaDnVA==}
    cpu: [arm64]
    os: [freebsd]

  '@rollup/rollup-freebsd-x64@4.37.0':
    resolution: {integrity: sha512-SZMxNttjPKvV14Hjck5t70xS3l63sbVwl98g3FlVVx2YIDmfUIy29jQrsw06ewEYQ8lQSuY9mpAPlmgRD2iSsA==}
    cpu: [x64]
    os: [freebsd]

  '@rollup/rollup-linux-arm-gnueabihf@4.37.0':
    resolution: {integrity: sha512-hhAALKJPidCwZcj+g+iN+38SIOkhK2a9bqtJR+EtyxrKKSt1ynCBeqrQy31z0oWU6thRZzdx53hVgEbRkuI19w==}
    cpu: [arm]
    os: [linux]

  '@rollup/rollup-linux-arm-musleabihf@4.37.0':
    resolution: {integrity: sha512-jUb/kmn/Gd8epbHKEqkRAxq5c2EwRt0DqhSGWjPFxLeFvldFdHQs/n8lQ9x85oAeVb6bHcS8irhTJX2FCOd8Ag==}
    cpu: [arm]
    os: [linux]

  '@rollup/rollup-linux-arm64-gnu@4.37.0':
    resolution: {integrity: sha512-oNrJxcQT9IcbcmKlkF+Yz2tmOxZgG9D9GRq+1OE6XCQwCVwxixYAa38Z8qqPzQvzt1FCfmrHX03E0pWoXm1DqA==}
    cpu: [arm64]
    os: [linux]

  '@rollup/rollup-linux-arm64-musl@4.37.0':
    resolution: {integrity: sha512-pfxLBMls+28Ey2enpX3JvjEjaJMBX5XlPCZNGxj4kdJyHduPBXtxYeb8alo0a7bqOoWZW2uKynhHxF/MWoHaGQ==}
    cpu: [arm64]
    os: [linux]

  '@rollup/rollup-linux-loongarch64-gnu@4.37.0':
    resolution: {integrity: sha512-yCE0NnutTC/7IGUq/PUHmoeZbIwq3KRh02e9SfFh7Vmc1Z7atuJRYWhRME5fKgT8aS20mwi1RyChA23qSyRGpA==}
    cpu: [loong64]
    os: [linux]

  '@rollup/rollup-linux-powerpc64le-gnu@4.37.0':
    resolution: {integrity: sha512-NxcICptHk06E2Lh3a4Pu+2PEdZ6ahNHuK7o6Np9zcWkrBMuv21j10SQDJW3C9Yf/A/P7cutWoC/DptNLVsZ0VQ==}
    cpu: [ppc64]
    os: [linux]

  '@rollup/rollup-linux-riscv64-gnu@4.37.0':
    resolution: {integrity: sha512-PpWwHMPCVpFZLTfLq7EWJWvrmEuLdGn1GMYcm5MV7PaRgwCEYJAwiN94uBuZev0/J/hFIIJCsYw4nLmXA9J7Pw==}
    cpu: [riscv64]
    os: [linux]

  '@rollup/rollup-linux-riscv64-musl@4.37.0':
    resolution: {integrity: sha512-DTNwl6a3CfhGTAOYZ4KtYbdS8b+275LSLqJVJIrPa5/JuIufWWZ/QFvkxp52gpmguN95eujrM68ZG+zVxa8zHA==}
    cpu: [riscv64]
    os: [linux]

  '@rollup/rollup-linux-s390x-gnu@4.37.0':
    resolution: {integrity: sha512-hZDDU5fgWvDdHFuExN1gBOhCuzo/8TMpidfOR+1cPZJflcEzXdCy1LjnklQdW8/Et9sryOPJAKAQRw8Jq7Tg+A==}
    cpu: [s390x]
    os: [linux]

  '@rollup/rollup-linux-x64-gnu@4.37.0':
    resolution: {integrity: sha512-pKivGpgJM5g8dwj0ywBwe/HeVAUSuVVJhUTa/URXjxvoyTT/AxsLTAbkHkDHG7qQxLoW2s3apEIl26uUe08LVQ==}
    cpu: [x64]
    os: [linux]

  '@rollup/rollup-linux-x64-musl@4.37.0':
    resolution: {integrity: sha512-E2lPrLKE8sQbY/2bEkVTGDEk4/49UYRVWgj90MY8yPjpnGBQ+Xi1Qnr7b7UIWw1NOggdFQFOLZ8+5CzCiz143w==}
    cpu: [x64]
    os: [linux]

  '@rollup/rollup-win32-arm64-msvc@4.37.0':
    resolution: {integrity: sha512-Jm7biMazjNzTU4PrQtr7VS8ibeys9Pn29/1bm4ph7CP2kf21950LgN+BaE2mJ1QujnvOc6p54eWWiVvn05SOBg==}
    cpu: [arm64]
    os: [win32]

  '@rollup/rollup-win32-ia32-msvc@4.37.0':
    resolution: {integrity: sha512-e3/1SFm1OjefWICB2Ucstg2dxYDkDTZGDYgwufcbsxTHyqQps1UQf33dFEChBNmeSsTOyrjw2JJq0zbG5GF6RA==}
    cpu: [ia32]
    os: [win32]

  '@rollup/rollup-win32-x64-msvc@4.37.0':
    resolution: {integrity: sha512-LWbXUBwn/bcLx2sSsqy7pK5o+Nr+VCoRoAohfJ5C/aBio9nfJmGQqHAhU6pwxV/RmyTk5AqdySma7uwWGlmeuA==}
    cpu: [x64]
    os: [win32]

  '@tensorflow-models/posenet@2.2.2':
    resolution: {integrity: sha512-0SXIksRet/IdX7WVH+JSD6W3upkGHix1hwtd3xykIoIMGR7zQ4SC5+wZcNt9ofASyxNYQoI+tUULUo4LNw0c3w==}
    peerDependencies:
      '@tensorflow/tfjs-converter': ^3.0.0-rc.1
      '@tensorflow/tfjs-core': ^3.0.0-rc.1

  '@tensorflow/tfjs-backend-cpu@3.18.0':
    resolution: {integrity: sha512-LcSqlylzGtpgngcMFIL3q9Q3eVaPRJ7ITZt7ivhzkCj4R5ZsnPa9qM3DCVihkQ77heAwSw4hPTo2jp5C4mJ4Cg==}
    engines: {yarn: '>= 1.3.2'}
    peerDependencies:
      '@tensorflow/tfjs-core': 3.18.0

  '@tensorflow/tfjs-backend-cpu@3.21.0':
    resolution: {integrity: sha512-88S21UAdzyK0CsLUrH17GPTD+26E85OP9CqmLZslaWjWUmBkeTQ5Zqyp6iK+gELnLxPx6q7JsNEeFuPv4254lQ==}
    engines: {yarn: '>= 1.3.2'}
    peerDependencies:
      '@tensorflow/tfjs-core': 3.21.0

  '@tensorflow/tfjs-backend-webgl@3.18.0':
    resolution: {integrity: sha512-3NknSzS1oX2BEBOrpjPMZl823S12RgshQthmIbG6QADHb4bCJA8aM4UjWpw+3bNQnRKbRDQdFbuvj10Un79s2A==}
    engines: {yarn: '>= 1.3.2'}
    peerDependencies:
      '@tensorflow/tfjs-core': 3.18.0

  '@tensorflow/tfjs-backend-webgl@3.21.0':
    resolution: {integrity: sha512-N4zitIAT9IX8B8oe489qM3f3VcESxGZIZvHmVP8varOQakTvTX859aaPo1s8hK1qCy4BjSGbweooZe4U8D4kTQ==}
    engines: {yarn: '>= 1.3.2'}
    peerDependencies:
      '@tensorflow/tfjs-core': 3.21.0

  '@tensorflow/tfjs-converter@3.21.0':
    resolution: {integrity: sha512-12Y4zVDq3yW+wSjSDpSv4HnpL2sDZrNiGSg8XNiDE4HQBdjdA+a+Q3sZF/8NV9y2yoBhL5L7V4mMLDdbZBd9/Q==}
    peerDependencies:
      '@tensorflow/tfjs-core': 3.21.0

  '@tensorflow/tfjs-core@3.21.0':
    resolution: {integrity: sha512-YSfsswOqWfd+M4bXIhT3hwtAb+IV8+ODwIxwdFR/7jTAPZP1wMVnSlpKnXHAN64HFOiP+Tm3HmKusEZ0+09A0w==}
    engines: {yarn: '>= 1.3.2'}

  '@tensorflow/tfjs-data@3.21.0':
    resolution: {integrity: sha512-eFLfw2wIcFNxnP2Iv/SnVlihehzKMumk1b5Prcx1ixk/SbkCo5u0Lt7OVOWaEOKVqvB2sT+dJcTjAh6lrCC/QA==}
    peerDependencies:
      '@tensorflow/tfjs-core': 3.21.0
      seedrandom: ^3.0.5

  '@tensorflow/tfjs-layers@3.21.0':
    resolution: {integrity: sha512-CMVXsraakXgnXEnqD9QbtResA7nvV7Jz20pGmjFIodcQkClgmFFhdCG5N+zlVRHEz7VKG2OyfhltZ0dBq/OAhA==}
    peerDependencies:
      '@tensorflow/tfjs-core': 3.21.0

  '@tensorflow/tfjs@3.21.0':
    resolution: {integrity: sha512-khcARd3/872llL/oF4ouR40qlT71mylU66PGT8kHP/GJ5YKj44sv8lDRjU7lOVlJK7jsJFWEsNVHI3eMc/GWNQ==}
    hasBin: true

  '@types/dom-speech-recognition@0.0.4':
    resolution: {integrity: sha512-zf2GwV/G6TdaLwpLDcGTIkHnXf8JEf/viMux+khqKQKDa8/8BAUtXXZS563GnvJ4Fg0PBLGAaFf2GekEVSZ6GQ==}

  '@types/estree@1.0.6':
    resolution: {integrity: sha512-AYnb1nQyY49te+VRAVgmzfcgjYS91mY5P0TKUDCLEM+gNnA+3T6rWITXRLYCpahpqSQbN5cE+gHpnPyXjHWxcw==}

  '@types/long@4.0.2':
    resolution: {integrity: sha512-MqTGEo5bj5t157U6fA/BiDynNkn0YknVdh48CMPkTSpFTVmvao5UQmm7uEF6xBEo7qIMAlY/JSleYaE6VOdpaA==}

  '@types/node-fetch@2.6.12':
    resolution: {integrity: sha512-8nneRWKCg3rMtF69nLQJnOYUcbafYeFSjqkw3jCRLsqkWFlHaoQrr5mXmofFGOx3DKn7UfmBMyov8ySvLRVldA==}

  '@types/node@22.10.2':
    resolution: {integrity: sha512-Xxr6BBRCAOQixvonOye19wnzyDiUtTeqldOOmj3CkeblonbccA12PFwlufvRdrpjXxqnmUaeiU5EOA+7s5diUQ==}

  '@types/offscreencanvas@2019.3.0':
    resolution: {integrity: sha512-esIJx9bQg+QYF0ra8GnvfianIY8qWB0GBx54PK5Eps6m+xTj86KLavHv6qDhzKcu5UUOgNfJ2pWaIIV7TRUd9Q==}

  '@types/seedrandom@2.4.27':
    resolution: {integrity: sha512-YvMLqFak/7rt//lPBtEHv3M4sRNA+HGxrhFZ+DQs9K2IkYJbNwVIb8avtJfhDiuaUBX/AW0jnjv48FV8h3u9bQ==}

  '@types/seedrandom@2.4.34':
    resolution: {integrity: sha512-ytDiArvrn/3Xk6/vtylys5tlY6eo7Ane0hvcx++TKo6RxQXuVfW0AF/oeWqAj9dN29SyhtawuXstgmPlwNcv/A==}

  '@types/webgl-ext@0.0.30':
    resolution: {integrity: sha512-LKVgNmBxN0BbljJrVUwkxwRYqzsAEPcZOe6S2T6ZaBDIrFp0qu4FNlpc5sM1tGbXUYFgdVQIoeLk1Y1UoblyEg==}

  '@types/webgl2@0.0.6':
    resolution: {integrity: sha512-50GQhDVTq/herLMiqSQkdtRu+d5q/cWHn4VvKJtrj4DJAjo1MNkWYa2MA41BaBO1q1HgsUjuQvEOk0QHvlnAaQ==}

  '@webgpu/types@0.1.16':
    resolution: {integrity: sha512-9E61voMP4+Rze02jlTXud++Htpjyyk8vw5Hyw9FGRrmhHQg2GqbuOfwf5Klrb8vTxc2XWI3EfO7RUHMpxTj26A==}

  ansi-regex@5.0.1:
    resolution: {integrity: sha512-quJQXlTSUGL2LH9SUXo8VwsY4soanhgo6LNSm84E1LBcE8s3O0wpdiRzyR9z/ZZJMlMWv37qOOb9pdJlMUEKFQ==}
    engines: {node: '>=8'}

  ansi-styles@4.3.0:
    resolution: {integrity: sha512-zbB9rCJAT1rbjiVDb2hqKFHNYLxgtk8NURxZ3IZwD3F6NtxbXZQCnnSi1Lkx+IDohdPlFp222wVALIheZJQSEg==}
    engines: {node: '>=8'}

  argparse@1.0.10:
    resolution: {integrity: sha512-o5Roy6tNG4SL/FOkCAN6RzjiakZS25RLYFrcMttJqbdd8BWrnA+fGz57iN5Pb06pvBGvl5gQ0B48dJlslXvoTg==}

  asynckit@0.4.0:
    resolution: {integrity: sha512-Oei9OH4tRh0YqU3GxhX79dM/mwVgvbZJaSNaRk+bshkj0S5cfHcgYakreBjrHwatXKbz+IoIdYLxrKim2MjW0Q==}

  chalk@4.1.2:
    resolution: {integrity: sha512-oKnbhFyRIXpUuez8iBMmyEa4nbj4IOQyuhc/wy9kY7/WVPcwIO9VA668Pu8RkO7+0G76SLROeyw9CpQ061i4mA==}
    engines: {node: '>=10'}

  cliui@7.0.4:
    resolution: {integrity: sha512-OcRE68cOsVMXp1Yvonl/fzkQOyjLSu/8bhPDfQt0e0/Eb283TKP20Fs2MqoPsr9SwA595rRCA+QMzYc9nBP+JQ==}

  color-convert@2.0.1:
    resolution: {integrity: sha512-RRECPsj7iu/xb5oKYcsFHSppFNnsj/52OVTRKb4zP5onXwVF3zVmmToNcOfGC+CRDpfK/U584fMg38ZHCaElKQ==}
    engines: {node: '>=7.0.0'}

  color-name@1.1.4:
    resolution: {integrity: sha512-dOy+3AuW3a2wNbZHIuMZpTcgjGuLU/uBL/ubcZF9OXbDo8ff4O8yVp5Bf0efS8uEoYo5q4Fx7dY9OgQGXgAsQA==}

  combined-stream@1.0.8:
    resolution: {integrity: sha512-FQN4MRfuJeHf7cBbBMJFXhKSDq+2kAArBlmRBvcvFE5BB1HZKXtSFASDhdlz9zOYwxh8lDdnvmMOe/+5cdoEdg==}
    engines: {node: '>= 0.8'}

  core-js@3.39.0:
    resolution: {integrity: sha512-raM0ew0/jJUqkJ0E6e8UDtl+y/7ktFivgWvqw8dNSQeNWoSDLvQ1H/RN3aPXB9tBd4/FhyR4RDPGhsNIMsAn7g==}

  delayed-stream@1.0.0:
    resolution: {integrity: sha512-ZySD7Nf91aLB0RxL4KGrKHBXl7Eds1DAmEdcoVawXnLD7SDhpNgtuII2aAkg7a7QS41jxPSZ17p4VdGnMHk3MQ==}
    engines: {node: '>=0.4.0'}

  emoji-regex@8.0.0:
    resolution: {integrity: sha512-MSjYzcWNOA0ewAHpz0MxpYFvwg6yjy1NG3xteoqz644VCo/RPgnr1/GGt+ic3iJTzQ8Eu3TdM14SawnVUmGE6A==}

  esbuild@0.24.2:
    resolution: {integrity: sha512-+9egpBW8I3CD5XPe0n6BfT5fxLzxrlDzqydF3aviG+9ni1lDC/OvMHcxqEFV0+LANZG5R1bFMWfUrjVsdwxJvA==}
    engines: {node: '>=18'}
    hasBin: true

  escalade@3.2.0:
    resolution: {integrity: sha512-WUj2qlxaQtO4g6Pq5c29GTcWGDyd8itL8zTlipgECz3JesAiiOKotd8JU6otB3PACgG6xkJUyVhboMS+bje/jA==}
    engines: {node: '>=6'}

  form-data@4.0.1:
    resolution: {integrity: sha512-tzN8e4TX8+kkxGPK8D5u0FNmjPUjw3lwC9lSLxxoB/+GtsJG91CO8bSWy73APlgAZzZbXEYZJuxjkHH2w+Ezhw==}
    engines: {node: '>= 6'}

  fsevents@2.3.3:
    resolution: {integrity: sha512-5xoDfX+fL7faATnagmWPpbFtwh/R77WmMMqqHGS65C3vvB0YHrgF+B1YmZ3441tMj5n63k0212XNoJwzlhffQw==}
    engines: {node: ^8.16.0 || ^10.6.0 || >=11.0.0}
    os: [darwin]

  get-caller-file@2.0.5:
    resolution: {integrity: sha512-DyFP3BM/3YHTQOCUL/w0OZHR0lpKeGrxotcHWcqNEdnltqFwXVfhEBQ94eIo34AfQpo0rGki4cyIiftY06h2Fg==}
    engines: {node: 6.* || 8.* || >= 10.*}

  has-flag@4.0.0:
    resolution: {integrity: sha512-EykJT/Q1KjTWctppgIAgfSO0tKVuZUjhgMr17kqTumMl6Afv3EISleU7qZUzoXDFTAHTDC4NOoG/ZxU3EvlMPQ==}
    engines: {node: '>=8'}

  is-fullwidth-code-point@3.0.0:
    resolution: {integrity: sha512-zymm5+u+sCsSWyD9qNaejV3DFvhCKclKdizYaJUuHA83RLjb7nSuGnddCHGv0hk+KY7BMAlsWeK4Ueg6EV6XQg==}
    engines: {node: '>=8'}

  long@4.0.0:
    resolution: {integrity: sha512-XsP+KhQif4bjX1kbuSiySJFNAehNxgLb6hPRGJ9QsUr8ajHkuXGdrHmFUTUUXhDwVX2R5bY4JNZEwbUiMhV+MA==}

  mime-db@1.52.0:
    resolution: {integrity: sha512-sPU4uV7dYlvtWJxwwxHD0PuihVNiE7TyAbQ5SWxDCB9mUYvOgroQOwYQQOKPJ8CIbE+1ETVlOoK1UC2nU3gYvg==}
    engines: {node: '>= 0.6'}

  mime-types@2.1.35:
    resolution: {integrity: sha512-ZDY+bPm5zTTF+YpCrAU9nK0UgICYPT0QtT1NZWFv4s++TNkcgVaT0g6+4R2uI4MjQjzysHB1zxuWL50hzaeXiw==}
    engines: {node: '>= 0.6'}

  nanoid@3.3.11:
    resolution: {integrity: sha512-N8SpfPUnUp1bK+PMYW8qSWdl9U+wwNWI4QKxOYDy9JAro3WMX7p2OeVRF9v+347pnakNevPmiHhNmZ2HbFA76w==}
    engines: {node: ^10 || ^12 || ^13.7 || ^14 || >=15.0.1}
    hasBin: true

  node-fetch@2.6.13:
    resolution: {integrity: sha512-StxNAxh15zr77QvvkmveSQ8uCQ4+v5FkvNTj0OESmiHu+VRi/gXArXtkWMElOsOUNLtUEvI4yS+rdtOHZTwlQA==}
    engines: {node: 4.x || >=6.0.0}
    peerDependencies:
      encoding: ^0.1.0
    peerDependenciesMeta:
      encoding:
        optional: true

  picocolors@1.1.1:
    resolution: {integrity: sha512-xceH2snhtb5M9liqDsmEw56le376mTZkEX/jEb/RxNFyegNul7eNslCXP9FDj/Lcu0X8KEyMceP2ntpaHrDEVA==}

  postcss@8.5.3:
    resolution: {integrity: sha512-dle9A3yYxlBSrt8Fu+IpjGT8SY8hN0mlaA6GY8t0P5PjIOZemULz/E2Bnm/2dcUOena75OTNkHI76uZBNUUq3A==}
    engines: {node: ^10 || ^12 || >=14}

  regenerator-runtime@0.13.11:
    resolution: {integrity: sha512-kY1AZVr2Ra+t+piVaJ4gxaFaReZVH40AKNo7UCX6W+dEwBo/2oZJzqfuN1qLq1oL45o56cPaTXELwrTh8Fpggg==}

  require-directory@2.1.1:
    resolution: {integrity: sha512-fGxEI7+wsG9xrvdjsrlmL22OMTTiHRwAMroiEeMgq8gzoLC/PQr7RsRDSTLUg/bZAZtF+TVIkHc6/4RIKrui+Q==}
    engines: {node: '>=0.10.0'}

  rollup@4.37.0:
    resolution: {integrity: sha512-iAtQy/L4QFU+rTJ1YUjXqJOJzuwEghqWzCEYD2FEghT7Gsy1VdABntrO4CLopA5IkflTyqNiLNwPcOJ3S7UKLg==}
    engines: {node: '>=18.0.0', npm: '>=8.0.0'}
    hasBin: true

  safe-buffer@5.2.1:
    resolution: {integrity: sha512-rp3So07KcdmmKbGvgaNxQSJr7bGVSVk5S9Eq1F+ppbRo70+YeaDxkw5Dd8NPN+GD6bjnYm2VuPuCXmpuYvmCXQ==}

  seedrandom@2.4.3:
    resolution: {integrity: sha512-2CkZ9Wn2dS4mMUWQaXLsOAfGD+irMlLEeSP3cMxpGbgyOOzJGFa+MWCOMTOCMyZinHRPxyOj/S/C57li/1to6Q==}

  seedrandom@3.0.5:
    resolution: {integrity: sha512-8OwmbklUNzwezjGInmZ+2clQmExQPvomqjL7LFqOYqtmuxRgQYqOD3mHaU+MvZn5FLUeVxVfQjwLZW/n/JFuqg==}

  source-map-js@1.2.1:
    resolution: {integrity: sha512-UXWMKhLOwVKb728IUtQPXxfYU+usdybtUrK/8uGE8CQMvrhOpwvzDBwj0QhSL7MQc7vIsISBG8VQ8+IDQxpfQA==}
    engines: {node: '>=0.10.0'}

  sprintf-js@1.0.3:
    resolution: {integrity: sha512-D9cPgkvLlV3t3IzL0D0YLvGA9Ahk4PcvVwUbN0dSGr1aP0Nrt4AEnTUbuGvquEC0mA64Gqt1fzirlRs5ibXx8g==}

  string-width@4.2.3:
    resolution: {integrity: sha512-wKyQRQpjJ0sIp62ErSZdGsjMJWsap5oRNihHhu6G7JVO/9jIB6UyevL+tXuOqrng8j/cxKTWyWUwvSTriiZz/g==}
    engines: {node: '>=8'}

  string_decoder@1.3.0:
    resolution: {integrity: sha512-hkRX8U1WjJFd8LsDJ2yQ/wWWxaopEsABU1XfkM8A+j0+85JAGppt16cr1Whg6KIbb4okU6Mql6BOj+uup/wKeA==}

  strip-ansi@6.0.1:
    resolution: {integrity: sha512-Y38VPSHcqkFrCpFnQ9vuSXmquuv5oXOKpGeT6aGrr3o3Gc9AlVa6JBfUSOCnbxGGZF+/0ooI7KrPuUSztUdU5A==}
    engines: {node: '>=8'}

  supports-color@7.2.0:
    resolution: {integrity: sha512-qpCAvRl9stuOHveKsn7HncJRvv501qIacKzQlO/+Lwxc9+0q2wLyv4Dfvt80/DPn2pqOBsJdDiogXGR9+OvwRw==}
    engines: {node: '>=8'}

  tr46@0.0.3:
    resolution: {integrity: sha512-N3WMsuqV66lT30CrXNbEjx4GEwlow3v6rr4mCcv6prnfwhS01rkgyFdjPNBYd9br7LpXV1+Emh01fHnq2Gdgrw==}

  tracking@1.1.3:
    resolution: {integrity: sha512-XS9CVMzjp6AHT5e7oRamU8U5Lz3k6BIRTkBVs0XqepwgwXQ4kbbmxrWzTG2v6RMvJC/9MKuSBQiX/5hwsQFcCQ==}

  typescript@5.6.3:
    resolution: {integrity: sha512-hjcS1mhfuyi4WW8IWtjP7brDrG2cuDZukyrYrSauoXGNgx0S7zceP07adYkJycEr56BOUTNPzbInooiN3fn1qw==}
    engines: {node: '>=14.17'}
    hasBin: true

  undici-types@6.20.0:
    resolution: {integrity: sha512-Ny6QZ2Nju20vw1SRHe3d9jVu6gJ+4e3+MMpqu7pqE5HT6WsTSlce++GQmK5UXS8mzV8DSYHrQH+Xrf2jVcuKNg==}

  vite@6.0.12:
    resolution: {integrity: sha512-gzLogvGSgX2xyAt0J5qhJ7SmdO5aLdShABkU8Ev7dIl8AcrlFSLcj9GHReSq9pGJF/q5C4CZKdtDlkC6DyvQ3w==}
    engines: {node: ^18.0.0 || ^20.0.0 || >=22.0.0}
    hasBin: true
    peerDependencies:
      '@types/node': ^18.0.0 || ^20.0.0 || >=22.0.0
      jiti: '>=1.21.0'
      less: '*'
      lightningcss: ^1.21.0
      sass: '*'
      sass-embedded: '*'
      stylus: '*'
      sugarss: '*'
      terser: ^5.16.0
      tsx: ^4.8.1
      yaml: ^2.4.2
    peerDependenciesMeta:
      '@types/node':
        optional: true
      jiti:
        optional: true
      less:
        optional: true
      lightningcss:
        optional: true
      sass:
        optional: true
      sass-embedded:
        optional: true
      stylus:
        optional: true
      sugarss:
        optional: true
      terser:
        optional: true
      tsx:
        optional: true
      yaml:
        optional: true

  webidl-conversions@3.0.1:
    resolution: {integrity: sha512-2JAn3z8AR6rjK8Sm8orRC0h/bcl/DqL7tRPdGZ4I1CjdF+EaMLmYxBHyXuKL849eucPFhvBoxMsflfOb8kxaeQ==}

  whatwg-url@5.0.0:
    resolution: {integrity: sha512-saE57nupxk6v3HY35+jzBwYa0rKSy0XR8JSxZPwgLr7ys0IBzhGviA1/TUGJLmSVqs8pb9AnvICXEuOHLprYTw==}

  wrap-ansi@7.0.0:
    resolution: {integrity: sha512-YVGIj2kamLSTxw6NsZjoBxfSwsn0ycdesmc4p+Q21c5zPuZ1pl+NfxVdxPtdHvmNVOQ6XSYG4AUtyt/Fi7D16Q==}
    engines: {node: '>=10'}

  y18n@5.0.8:
    resolution: {integrity: sha512-0pfFzegeDWJHJIAmTLRP2DwHjdF5s7jo9tuztdQxAhINCdvS+3nGINqPd00AphqJR/0LhANUS6/+7SCb98YOfA==}
    engines: {node: '>=10'}

  yargs-parser@20.2.9:
    resolution: {integrity: sha512-y11nGElTIV+CT3Zv9t7VKl+Q3hTQoT9a1Qzezhhl6Rp21gJ/IVTW7Z3y9EWXhuUBC2Shnf+DX0antecpAwSP8w==}
    engines: {node: '>=10'}

  yargs@16.2.0:
    resolution: {integrity: sha512-D1mvvtDG0L5ft/jGWkLpG1+m0eQxOfaBvTNELraWj22wSVUMWxZUvYgJYcKh6jGGIkJFhH4IZPQhR4TKpc8mBw==}
    engines: {node: '>=10'}

snapshots:

  '@esbuild/aix-ppc64@0.24.2':
    optional: true

  '@esbuild/android-arm64@0.24.2':
    optional: true

  '@esbuild/android-arm@0.24.2':
    optional: true

  '@esbuild/android-x64@0.24.2':
    optional: true

  '@esbuild/darwin-arm64@0.24.2':
    optional: true

  '@esbuild/darwin-x64@0.24.2':
    optional: true

  '@esbuild/freebsd-arm64@0.24.2':
    optional: true

  '@esbuild/freebsd-x64@0.24.2':
    optional: true

  '@esbuild/linux-arm64@0.24.2':
    optional: true

  '@esbuild/linux-arm@0.24.2':
    optional: true

  '@esbuild/linux-ia32@0.24.2':
    optional: true

  '@esbuild/linux-loong64@0.24.2':
    optional: true

  '@esbuild/linux-mips64el@0.24.2':
    optional: true

  '@esbuild/linux-ppc64@0.24.2':
    optional: true

  '@esbuild/linux-riscv64@0.24.2':
    optional: true

  '@esbuild/linux-s390x@0.24.2':
    optional: true

  '@esbuild/linux-x64@0.24.2':
    optional: true

  '@esbuild/netbsd-arm64@0.24.2':
    optional: true

  '@esbuild/netbsd-x64@0.24.2':
    optional: true

  '@esbuild/openbsd-arm64@0.24.2':
    optional: true

  '@esbuild/openbsd-x64@0.24.2':
    optional: true

  '@esbuild/sunos-x64@0.24.2':
    optional: true

  '@esbuild/win32-arm64@0.24.2':
    optional: true

  '@esbuild/win32-ia32@0.24.2':
    optional: true

  '@esbuild/win32-x64@0.24.2':
    optional: true

  '@rollup/rollup-android-arm-eabi@4.37.0':
    optional: true

  '@rollup/rollup-android-arm64@4.37.0':
    optional: true

  '@rollup/rollup-darwin-arm64@4.37.0':
    optional: true

  '@rollup/rollup-darwin-x64@4.37.0':
    optional: true

  '@rollup/rollup-freebsd-arm64@4.37.0':
    optional: true

  '@rollup/rollup-freebsd-x64@4.37.0':
    optional: true

  '@rollup/rollup-linux-arm-gnueabihf@4.37.0':
    optional: true

  '@rollup/rollup-linux-arm-musleabihf@4.37.0':
    optional: true

  '@rollup/rollup-linux-arm64-gnu@4.37.0':
    optional: true

  '@rollup/rollup-linux-arm64-musl@4.37.0':
    optional: true

  '@rollup/rollup-linux-loongarch64-gnu@4.37.0':
    optional: true

  '@rollup/rollup-linux-powerpc64le-gnu@4.37.0':
    optional: true

  '@rollup/rollup-linux-riscv64-gnu@4.37.0':
    optional: true

  '@rollup/rollup-linux-riscv64-musl@4.37.0':
    optional: true

  '@rollup/rollup-linux-s390x-gnu@4.37.0':
    optional: true

  '@rollup/rollup-linux-x64-gnu@4.37.0':
    optional: true

  '@rollup/rollup-linux-x64-musl@4.37.0':
    optional: true

  '@rollup/rollup-win32-arm64-msvc@4.37.0':
    optional: true

  '@rollup/rollup-win32-ia32-msvc@4.37.0':
    optional: true

  '@rollup/rollup-win32-x64-msvc@4.37.0':
    optional: true

  '@tensorflow-models/posenet@2.2.2(@tensorflow/tfjs-converter@3.21.0(@tensorflow/tfjs-core@3.21.0))(@tensorflow/tfjs-core@3.21.0)':
    dependencies:
      '@tensorflow/tfjs-converter': 3.21.0(@tensorflow/tfjs-core@3.21.0)
      '@tensorflow/tfjs-core': 3.21.0

  '@tensorflow/tfjs-backend-cpu@3.18.0(@tensorflow/tfjs-core@3.21.0)':
    dependencies:
      '@tensorflow/tfjs-core': 3.21.0
      '@types/seedrandom': 2.4.27
      seedrandom: 2.4.3

  '@tensorflow/tfjs-backend-cpu@3.21.0(@tensorflow/tfjs-core@3.21.0)':
    dependencies:
      '@tensorflow/tfjs-core': 3.21.0
      '@types/seedrandom': 2.4.34
      seedrandom: 3.0.5

  '@tensorflow/tfjs-backend-webgl@3.18.0(@tensorflow/tfjs-core@3.21.0)':
    dependencies:
      '@tensorflow/tfjs-backend-cpu': 3.18.0(@tensorflow/tfjs-core@3.21.0)
      '@tensorflow/tfjs-core': 3.21.0
      '@types/offscreencanvas': 2019.3.0
      '@types/seedrandom': 2.4.27
      '@types/webgl-ext': 0.0.30
      '@types/webgl2': 0.0.6
      seedrandom: 2.4.3

  '@tensorflow/tfjs-backend-webgl@3.21.0(@tensorflow/tfjs-core@3.21.0)':
    dependencies:
      '@tensorflow/tfjs-backend-cpu': 3.21.0(@tensorflow/tfjs-core@3.21.0)
      '@tensorflow/tfjs-core': 3.21.0
      '@types/offscreencanvas': 2019.3.0
      '@types/seedrandom': 2.4.34
      '@types/webgl-ext': 0.0.30
      '@types/webgl2': 0.0.6
      seedrandom: 3.0.5

  '@tensorflow/tfjs-converter@3.21.0(@tensorflow/tfjs-core@3.21.0)':
    dependencies:
      '@tensorflow/tfjs-core': 3.21.0

  '@tensorflow/tfjs-core@3.21.0':
    dependencies:
      '@types/long': 4.0.2
      '@types/offscreencanvas': 2019.3.0
      '@types/seedrandom': 2.4.34
      '@types/webgl-ext': 0.0.30
      '@webgpu/types': 0.1.16
      long: 4.0.0
      node-fetch: 2.6.13
      seedrandom: 3.0.5
    transitivePeerDependencies:
      - encoding

  '@tensorflow/tfjs-data@3.21.0(@tensorflow/tfjs-core@3.21.0)(seedrandom@3.0.5)':
    dependencies:
      '@tensorflow/tfjs-core': 3.21.0
      '@types/node-fetch': 2.6.12
      node-fetch: 2.6.13
      seedrandom: 3.0.5
      string_decoder: 1.3.0
    transitivePeerDependencies:
      - encoding

  '@tensorflow/tfjs-layers@3.21.0(@tensorflow/tfjs-core@3.21.0)':
    dependencies:
      '@tensorflow/tfjs-core': 3.21.0

  '@tensorflow/tfjs@3.21.0(seedrandom@3.0.5)':
    dependencies:
      '@tensorflow/tfjs-backend-cpu': 3.21.0(@tensorflow/tfjs-core@3.21.0)
      '@tensorflow/tfjs-backend-webgl': 3.21.0(@tensorflow/tfjs-core@3.21.0)
      '@tensorflow/tfjs-converter': 3.21.0(@tensorflow/tfjs-core@3.21.0)
      '@tensorflow/tfjs-core': 3.21.0
      '@tensorflow/tfjs-data': 3.21.0(@tensorflow/tfjs-core@3.21.0)(seedrandom@3.0.5)
      '@tensorflow/tfjs-layers': 3.21.0(@tensorflow/tfjs-core@3.21.0)
      argparse: 1.0.10
      chalk: 4.1.2
      core-js: 3.39.0
      regenerator-runtime: 0.13.11
      yargs: 16.2.0
    transitivePeerDependencies:
      - encoding
      - seedrandom

  '@types/dom-speech-recognition@0.0.4': {}

  '@types/estree@1.0.6': {}

  '@types/long@4.0.2': {}

  '@types/node-fetch@2.6.12':
    dependencies:
      '@types/node': 22.10.2
      form-data: 4.0.1

  '@types/node@22.10.2':
    dependencies:
      undici-types: 6.20.0

  '@types/offscreencanvas@2019.3.0': {}

  '@types/seedrandom@2.4.27': {}

  '@types/seedrandom@2.4.34': {}

  '@types/webgl-ext@0.0.30': {}

  '@types/webgl2@0.0.6': {}

  '@webgpu/types@0.1.16': {}

  ansi-regex@5.0.1: {}

  ansi-styles@4.3.0:
    dependencies:
      color-convert: 2.0.1

  argparse@1.0.10:
    dependencies:
      sprintf-js: 1.0.3

  asynckit@0.4.0: {}

  chalk@4.1.2:
    dependencies:
      ansi-styles: 4.3.0
      supports-color: 7.2.0

  cliui@7.0.4:
    dependencies:
      string-width: 4.2.3
      strip-ansi: 6.0.1
      wrap-ansi: 7.0.0

  color-convert@2.0.1:
    dependencies:
      color-name: 1.1.4

  color-name@1.1.4: {}

  combined-stream@1.0.8:
    dependencies:
      delayed-stream: 1.0.0

  core-js@3.39.0: {}

  delayed-stream@1.0.0: {}

  emoji-regex@8.0.0: {}

  esbuild@0.24.2:
    optionalDependencies:
      '@esbuild/aix-ppc64': 0.24.2
      '@esbuild/android-arm': 0.24.2
      '@esbuild/android-arm64': 0.24.2
      '@esbuild/android-x64': 0.24.2
      '@esbuild/darwin-arm64': 0.24.2
      '@esbuild/darwin-x64': 0.24.2
      '@esbuild/freebsd-arm64': 0.24.2
      '@esbuild/freebsd-x64': 0.24.2
      '@esbuild/linux-arm': 0.24.2
      '@esbuild/linux-arm64': 0.24.2
      '@esbuild/linux-ia32': 0.24.2
      '@esbuild/linux-loong64': 0.24.2
      '@esbuild/linux-mips64el': 0.24.2
      '@esbuild/linux-ppc64': 0.24.2
      '@esbuild/linux-riscv64': 0.24.2
      '@esbuild/linux-s390x': 0.24.2
      '@esbuild/linux-x64': 0.24.2
      '@esbuild/netbsd-arm64': 0.24.2
      '@esbuild/netbsd-x64': 0.24.2
      '@esbuild/openbsd-arm64': 0.24.2
      '@esbuild/openbsd-x64': 0.24.2
      '@esbuild/sunos-x64': 0.24.2
      '@esbuild/win32-arm64': 0.24.2
      '@esbuild/win32-ia32': 0.24.2
      '@esbuild/win32-x64': 0.24.2

  escalade@3.2.0: {}

  form-data@4.0.1:
    dependencies:
      asynckit: 0.4.0
      combined-stream: 1.0.8
      mime-types: 2.1.35

  fsevents@2.3.3:
    optional: true

  get-caller-file@2.0.5: {}

  has-flag@4.0.0: {}

  is-fullwidth-code-point@3.0.0: {}

  long@4.0.0: {}

  mime-db@1.52.0: {}

  mime-types@2.1.35:
    dependencies:
      mime-db: 1.52.0

  nanoid@3.3.11: {}

  node-fetch@2.6.13:
    dependencies:
      whatwg-url: 5.0.0

  picocolors@1.1.1: {}

  postcss@8.5.3:
    dependencies:
      nanoid: 3.3.11
      picocolors: 1.1.1
      source-map-js: 1.2.1

  regenerator-runtime@0.13.11: {}

  require-directory@2.1.1: {}

  rollup@4.37.0:
    dependencies:
      '@types/estree': 1.0.6
    optionalDependencies:
      '@rollup/rollup-android-arm-eabi': 4.37.0
      '@rollup/rollup-android-arm64': 4.37.0
      '@rollup/rollup-darwin-arm64': 4.37.0
      '@rollup/rollup-darwin-x64': 4.37.0
      '@rollup/rollup-freebsd-arm64': 4.37.0
      '@rollup/rollup-freebsd-x64': 4.37.0
      '@rollup/rollup-linux-arm-gnueabihf': 4.37.0
      '@rollup/rollup-linux-arm-musleabihf': 4.37.0
      '@rollup/rollup-linux-arm64-gnu': 4.37.0
      '@rollup/rollup-linux-arm64-musl': 4.37.0
      '@rollup/rollup-linux-loongarch64-gnu': 4.37.0
      '@rollup/rollup-linux-powerpc64le-gnu': 4.37.0
      '@rollup/rollup-linux-riscv64-gnu': 4.37.0
      '@rollup/rollup-linux-riscv64-musl': 4.37.0
      '@rollup/rollup-linux-s390x-gnu': 4.37.0
      '@rollup/rollup-linux-x64-gnu': 4.37.0
      '@rollup/rollup-linux-x64-musl': 4.37.0
      '@rollup/rollup-win32-arm64-msvc': 4.37.0
      '@rollup/rollup-win32-ia32-msvc': 4.37.0
      '@rollup/rollup-win32-x64-msvc': 4.37.0
      fsevents: 2.3.3

  safe-buffer@5.2.1: {}

  seedrandom@2.4.3: {}

  seedrandom@3.0.5: {}

  source-map-js@1.2.1: {}

  sprintf-js@1.0.3: {}

  string-width@4.2.3:
    dependencies:
      emoji-regex: 8.0.0
      is-fullwidth-code-point: 3.0.0
      strip-ansi: 6.0.1

  string_decoder@1.3.0:
    dependencies:
      safe-buffer: 5.2.1

  strip-ansi@6.0.1:
    dependencies:
      ansi-regex: 5.0.1

  supports-color@7.2.0:
    dependencies:
      has-flag: 4.0.0

  tr46@0.0.3: {}

  tracking@1.1.3: {}

  typescript@5.6.3: {}

  undici-types@6.20.0: {}

  vite@6.0.12(@types/node@22.10.2):
    dependencies:
      esbuild: 0.24.2
      postcss: 8.5.3
      rollup: 4.37.0
    optionalDependencies:
      '@types/node': 22.10.2
      fsevents: 2.3.3

  webidl-conversions@3.0.1: {}

  whatwg-url@5.0.0:
    dependencies:
      tr46: 0.0.3
      webidl-conversions: 3.0.1

  wrap-ansi@7.0.0:
    dependencies:
      ansi-styles: 4.3.0
      string-width: 4.2.3
      strip-ansi: 6.0.1

  y18n@5.0.8: {}

  yargs-parser@20.2.9: {}

  yargs@16.2.0:
    dependencies:
      cliui: 7.0.4
      escalade: 3.2.0
      get-caller-file: 2.0.5
      require-directory: 2.1.1
      string-width: 4.2.3
      y18n: 5.0.8
      yargs-parser: 20.2.9
